
Microsoft Visual Studio Solution File, Format Version 12.00
# Visual Studio 15
VisualStudioVersion = 15.0.28307.779
MinimumVisualStudioVersion = 10.0.40219.1
Project("{FAE04EC0-301F-11D3-BF4B-00C04F79EFBC}") = "WpfApp17", "WpfApp17.csproj", "{2E554DB5-CE97-442B-8A1F-03FBE6E5BD23}"
EndProject
Global
	GlobalSection(SolutionConfigurationPlatforms) = preSolution
		Debug|Any CPU = Debug|Any CPU
		Release|Any CPU = Release|Any CPU
	EndGlobalSection
	GlobalSection(ProjectConfigurationPlatforms) = postSolution
		{2E554DB5-CE97-442B-8A1F-03FBE6E5BD23}.Debug|Any CPU.ActiveCfg = Debug|Any CPU
		{2E554DB5-CE97-442B-8A1F-03FBE6E5BD23}.Debug|Any CPU.Build.0 = Debug|Any CPU
		{2E554DB5-CE97-442B-8A1F-03FBE6E5BD23}.Release|Any CPU.ActiveCfg = Release|Any CPU
		{2E554DB5-CE97-442B-8A1F-03FBE6E5BD23}.Release|Any CPU.Build.0 = Release|Any CPU
	EndGlobalSection
	GlobalSection(SolutionProperties) = preSolution
		HideSolutionNode = FALSE
	EndGlobalSection
	GlobalSection(ExtensibilityGlobals) = postSolution
		SolutionGuid = {56D076CE-4A2C-4796-B820-E7DD3E881FD3}
	EndGlobalSection
EndGlobal
